// !$*UTF8*$!
{
	archiveVersion = 1;
	classes = {
	};
	objectVersion = 56;
	objects = {

/* Begin PBXBuildFile section */
		DA24623329EDDE94000995D0 /* CustomizeButton.swift in Sources */ = {isa = PBXBuildFile; fileRef = DA24623229EDDE94000995D0 /* CustomizeButton.swift */; };
		DA410D2929EE0F8C00FB1051 /* Help.swift in Sources */ = {isa = PBXBuildFile; fileRef = DA410D2829EE0F8C00FB1051 /* Help.swift */; };
		DA410D2D29EE188300FB1051 /* TabScreen.swift in Sources */ = {isa = PBXBuildFile; fileRef = DA410D2C29EE188300FB1051 /* TabScreen.swift */; };
		DA410D2F29EE23BC00FB1051 /* DurationButton.swift in Sources */ = {isa = PBXBuildFile; fileRef = DA410D2E29EE23BC00FB1051 /* DurationButton.swift */; };
		DA61AF7229ECACF0000681E7 /* Activity_TrackerApp.swift in Sources */ = {isa = PBXBuildFile; fileRef = DA61AF7129ECACF0000681E7 /* Activity_TrackerApp.swift */; };
		DA61AF7429ECACF0000681E7 /* ContentView.swift in Sources */ = {isa = PBXBuildFile; fileRef = DA61AF7329ECACF0000681E7 /* ContentView.swift */; };
		DA61AF7629ECACF1000681E7 /* Assets.xcassets in Resources */ = {isa = PBXBuildFile; fileRef = DA61AF7529ECACF1000681E7 /* Assets.xcassets */; };
		DA61AF7929ECACF1000681E7 /* Preview Assets.xcassets in Resources */ = {isa = PBXBuildFile; fileRef = DA61AF7829ECACF1000681E7 /* Preview Assets.xcassets */; };
		DA61AF8029ECAD0E000681E7 /* HomeScreen.swift in Sources */ = {isa = PBXBuildFile; fileRef = DA61AF7F29ECAD0E000681E7 /* HomeScreen.swift */; };
		DA61AF8229ECAD31000681E7 /* InputScreen.swift in Sources */ = {isa = PBXBuildFile; fileRef = DA61AF8129ECAD31000681E7 /* InputScreen.swift */; };
		DA61AF8429ECAD45000681E7 /* MainScreen.swift in Sources */ = {isa = PBXBuildFile; fileRef = DA61AF8329ECAD45000681E7 /* MainScreen.swift */; };
		DA61AF8629ECAD65000681E7 /* ActivityScreen.swift in Sources */ = {isa = PBXBuildFile; fileRef = DA61AF8529ECAD65000681E7 /* ActivityScreen.swift */; };
		DA61AF8829ECAD72000681E7 /* ResultScreen.swift in Sources */ = {isa = PBXBuildFile; fileRef = DA61AF8729ECAD72000681E7 /* ResultScreen.swift */; };
/* End PBXBuildFile section */

/* Begin PBXFileReference section */
		DA24623229EDDE94000995D0 /* CustomizeButton.swift */ = {isa = PBXFileReference; lastKnownFileType = sourcecode.swift; path = CustomizeButton.swift; sourceTree = "<group>"; };
		DA410D2829EE0F8C00FB1051 /* Help.swift */ = {isa = PBXFileReference; lastKnownFileType = sourcecode.swift; path = Help.swift; sourceTree = "<group>"; };
		DA410D2C29EE188300FB1051 /* TabScreen.swift */ = {isa = PBXFileReference; lastKnownFileType = sourcecode.swift; path = TabScreen.swift; sourceTree = "<group>"; };
		DA410D2E29EE23BC00FB1051 /* DurationButton.swift */ = {isa = PBXFileReference; lastKnownFileType = sourcecode.swift; path = DurationButton.swift; sourceTree = "<group>"; };
		DA61AF6E29ECACF0000681E7 /* Activity Tracker.app */ = {isa = PBXFileReference; explicitFileType = wrapper.application; includeInIndex = 0; path = "Activity Tracker.app"; sourceTree = BUILT_PRODUCTS_DIR; };
		DA61AF7129ECACF0000681E7 /* Activity_TrackerApp.swift */ = {isa = PBXFileReference; lastKnownFileType = sourcecode.swift; path = Activity_TrackerApp.swift; sourceTree = "<group>"; };
		DA61AF7329ECACF0000681E7 /* ContentView.swift */ = {isa = PBXFileReference; lastKnownFileType = sourcecode.swift; path = ContentView.swift; sourceTree = "<group>"; };
		DA61AF7529ECACF1000681E7 /* Assets.xcassets */ = {isa = PBXFileReference; lastKnownFileType = folder.assetcatalog; path = Assets.xcassets; sourceTree = "<group>"; };
		DA61AF7829ECACF1000681E7 /* Preview Assets.xcassets */ = {isa = PBXFileReference; lastKnownFileType = folder.assetcatalog; path = "Preview Assets.xcassets"; sourceTree = "<group>"; };
		DA61AF7F29ECAD0E000681E7 /* HomeScreen.swift */ = {isa = PBXFileReference; lastKnownFileType = sourcecode.swift; path = HomeScreen.swift; sourceTree = "<group>"; };
		DA61AF8129ECAD31000681E7 /* InputScreen.swift */ = {isa = PBXFileReference; lastKnownFileType = sourcecode.swift; path = InputScreen.swift; sourceTree = "<group>"; };
		DA61AF8329ECAD45000681E7 /* MainScreen.swift */ = {isa = PBXFileReference; lastKnownFileType = sourcecode.swift; path = MainScreen.swift; sourceTree = "<group>"; };
		DA61AF8529ECAD65000681E7 /* ActivityScreen.swift */ = {isa = PBXFileReference; lastKnownFileType = sourcecode.swift; path = ActivityScreen.swift; sourceTree = "<group>"; };
		DA61AF8729ECAD72000681E7 /* ResultScreen.swift */ = {isa = PBXFileReference; lastKnownFileType = sourcecode.swift; path = ResultScreen.swift; sourceTree = "<group>"; };
/* End PBXFileReference section */

/* Begin PBXFrameworksBuildPhase section */
		DA61AF6B29ECACF0000681E7 /* Frameworks */ = {
			isa = PBXFrameworksBuildPhase;
			buildActionMask = 2147483647;
			files = (
			);
			runOnlyForDeploymentPostprocessing = 0;
		};
/* End PBXFrameworksBuildPhase section */

/* Begin PBXGroup section */
		DA61AF6529ECACF0000681E7 = {
			isa = PBXGroup;
			children = (
				DA410D2E29EE23BC00FB1051 /* DurationButton.swift */,
				DA24623229EDDE94000995D0 /* CustomizeButton.swift */,
				DA61AF7029ECACF0000681E7 /* Activity Tracker */,
				DA61AF6F29ECACF0000681E7 /* Products */,
			);
			sourceTree = "<group>";
		};
		DA61AF6F29ECACF0000681E7 /* Products */ = {
			isa = PBXGroup;
			children = (
				DA61AF6E29ECACF0000681E7 /* Activity Tracker.app */,
			);
			name = Products;
			sourceTree = "<group>";
		};
		DA61AF7029ECACF0000681E7 /* Activity Tracker */ = {
			isa = PBXGroup;
			children = (
				DA61AF7129ECACF0000681E7 /* Activity_TrackerApp.swift */,
				DA61AF7329ECACF0000681E7 /* ContentView.swift */,
				DA61AF7F29ECAD0E000681E7 /* HomeScreen.swift */,
				DA61AF8129ECAD31000681E7 /* InputScreen.swift */,
				DA61AF8329ECAD45000681E7 /* MainScreen.swift */,
				DA61AF8529ECAD65000681E7 /* ActivityScreen.swift */,
				DA61AF8729ECAD72000681E7 /* ResultScreen.swift */,
				DA410D2829EE0F8C00FB1051 /* Help.swift */,
				DA410D2C29EE188300FB1051 /* TabScreen.swift */,
				DA61AF7529ECACF1000681E7 /* Assets.xcassets */,
				DA61AF7729ECACF1000681E7 /* Preview Content */,
			);
			path = "Activity Tracker";
			sourceTree = "<group>";
		};
		DA61AF7729ECACF1000681E7 /* Preview Content */ = {
			isa = PBXGroup;
			children = (
				DA61AF7829ECACF1000681E7 /* Preview Assets.xcassets */,
			);
			path = "Preview Content";
			sourceTree = "<group>";
		};
/* End PBXGroup section */

/* Begin PBXNativeTarget section */
		DA61AF6D29ECACF0000681E7 /* Activity Tracker */ = {
			isa = PBXNativeTarget;
			buildConfigurationList = DA61AF7C29ECACF1000681E7 /* Build configuration list for PBXNativeTarget "Activity Tracker" */;
			buildPhases = (
				DA61AF6A29ECACF0000681E7 /* Sources */,
				DA61AF6B29ECACF0000681E7 /* Frameworks */,
				DA61AF6C29ECACF0000681E7 /* Resources */,
			);
			buildRules = (
			);
			dependencies = (
			);
			name = "Activity Tracker";
			productName = "Activity Tracker";
			productReference = DA61AF6E29ECACF0000681E7 /* Activity Tracker.app */;
			productType = "com.apple.product-type.application";
		};
/* End PBXNativeTarget section */

/* Begin PBXProject section */
		DA61AF6629ECACF0000681E7 /* Project object */ = {
			isa = PBXProject;
			attributes = {
				BuildIndependentTargetsInParallel = 1;
				LastSwiftUpdateCheck = 1430;
				LastUpgradeCheck = 1430;
				TargetAttributes = {
					DA61AF6D29ECACF0000681E7 = {
						CreatedOnToolsVersion = 14.3;
					};
				};
			};
			buildConfigurationList = DA61AF6929ECACF0000681E7 /* Build configuration list for PBXProject "Activity Tracker" */;
			compatibilityVersion = "Xcode 14.0";
			developmentRegion = en;
			hasScannedForEncodings = 0;
			knownRegions = (
				en,
				Base,
			);
			mainGroup = DA61AF6529ECACF0000681E7;
			productRefGroup = DA61AF6F29ECACF0000681E7 /* Products */;
			projectDirPath = "";
			projectRoot = "";
			targets = (
				DA61AF6D29ECACF0000681E7 /* Activity Tracker */,
			);
		};
/* End PBXProject section */

/* Begin PBXResourcesBuildPhase section */
		DA61AF6C29ECACF0000681E7 /* Resources */ = {
			isa = PBXResourcesBuildPhase;
			buildActionMask = 2147483647;
			files = (
				DA61AF7929ECACF1000681E7 /* Preview Assets.xcassets in Resources */,
				DA61AF7629ECACF1000681E7 /* Assets.xcassets in Resources */,
			);
			runOnlyForDeploymentPostprocessing = 0;
		};
/* End PBXResourcesBuildPhase section */

/* Begin PBXSourcesBuildPhase section */
		DA61AF6A29ECACF0000681E7 /* Sources */ = {
			isa = PBXSourcesBuildPhase;
			buildActionMask = 2147483647;
			files = (
				DA61AF8229ECAD31000681E7 /* InputScreen.swift in Sources */,
				DA410D2F29EE23BC00FB1051 /* DurationButton.swift in Sources */,
				DA61AF7429ECACF0000681E7 /* ContentView.swift in Sources */,
				DA410D2929EE0F8C00FB1051 /* Help.swift in Sources */,
				DA410D2D29EE188300FB1051 /* TabScreen.swift in Sources */,
				DA61AF8629ECAD65000681E7 /* ActivityScreen.swift in Sources */,
				DA61AF8429ECAD45000681E7 /* MainScreen.swift in Sources */,
				DA61AF7229ECACF0000681E7 /* Activity_TrackerApp.swift in Sources */,
				DA61AF8029ECAD0E000681E7 /* HomeScreen.swift in Sources */,
				DA61AF8829ECAD72000681E7 /* ResultScreen.swift in Sources */,
				DA24623329EDDE94000995D0 /* CustomizeButton.swift in Sources */,
			);
			runOnlyForDeploymentPostprocessing = 0;
		};
/* End PBXSourcesBuildPhase section */

/* Begin XCBuildConfiguration section */
		DA61AF7A29ECACF1000681E7 /* Debug */ = {
			isa = XCBuildConfiguration;
			buildSettings = {
				ALWAYS_SEARCH_USER_PATHS = NO;
				CLANG_ANALYZER_NONNULL = YES;
				CLANG_ANALYZER_NUMBER_OBJECT_CONVERSION = YES_AGGRESSIVE;
				CLANG_CXX_LANGUAGE_STANDARD = "gnu++20";
				CLANG_ENABLE_MODULES = YES;
				CLANG_ENABLE_OBJC_ARC = YES;
				CLANG_ENABLE_OBJC_WEAK = YES;
				CLANG_WARN_BLOCK_CAPTURE_AUTORELEASING = YES;
				CLANG_WARN_BOOL_CONVERSION = YES;
				CLANG_WARN_COMMA = YES;
				CLANG_WARN_CONSTANT_CONVERSION = YES;
				CLANG_WARN_DEPRECATED_OBJC_IMPLEMENTATIONS = YES;
				CLANG_WARN_DIRECT_OBJC_ISA_USAGE = YES_ERROR;
				CLANG_WARN_DOCUMENTATION_COMMENTS = YES;
				CLANG_WARN_EMPTY_BODY = YES;
				CLANG_WARN_ENUM_CONVERSION = YES;
				CLANG_WARN_INFINITE_RECURSION = YES;
				CLANG_WARN_INT_CONVERSION = YES;
				CLANG_WARN_NON_LITERAL_NULL_CONVERSION = YES;
				CLANG_WARN_OBJC_IMPLICIT_RETAIN_SELF = YES;
				CLANG_WARN_OBJC_LITERAL_CONVERSION = YES;
				CLANG_WARN_OBJC_ROOT_CLASS = YES_ERROR;
				CLANG_WARN_QUOTED_INCLUDE_IN_FRAMEWORK_HEADER = YES;
				CLANG_WARN_RANGE_LOOP_ANALYSIS = YES;
				CLANG_WARN_STRICT_PROTOTYPES = YES;
				CLANG_WARN_SUSPICIOUS_MOVE = YES;
				CLANG_WARN_UNGUARDED_AVAILABILITY = YES_AGGRESSIVE;
				CLANG_WARN_UNREACHABLE_CODE = YES;
				CLANG_WARN__DUPLICATE_METHOD_MATCH = YES;
				COPY_PHASE_STRIP = NO;
				DEBUG_INFORMATION_FORMAT = dwarf;
				ENABLE_STRICT_OBJC_MSGSEND = YES;
				ENABLE_TESTABILITY = YES;
				GCC_C_LANGUAGE_STANDARD = gnu11;
				GCC_DYNAMIC_NO_PIC = NO;
				GCC_NO_COMMON_BLOCKS = YES;
				GCC_OPTIMIZATION_LEVEL = 0;
				GCC_PREPROCESSOR_DEFINITIONS = (
					"DEBUG=1",
					"$(inherited)",
				);
				GCC_WARN_64_TO_32_BIT_CONVERSION = YES;
				GCC_WARN_ABOUT_RETURN_TYPE = YES_ERROR;
				GCC_WARN_UNDECLARED_SELECTOR = YES;
				GCC_WARN_UNINITIALIZED_AUTOS = YES_AGGRESSIVE;
				GCC_WARN_UNUSED_FUNCTION = YES;
				GCC_WARN_UNUSED_VARIABLE = YES;
				IPHONEOS_DEPLOYMENT_TARGET = 16.4;
				MTL_ENABLE_DEBUG_INFO = INCLUDE_SOURCE;
				MTL_FAST_MATH = YES;
				ONLY_ACTIVE_ARCH = YES;
				SDKROOT = iphoneos;
				SWIFT_ACTIVE_COMPILATION_CONDITIONS = DEBUG;
				SWIFT_OPTIMIZATION_LEVEL = "-Onone";
			};
			name = Debug;
		};
		DA61AF7B29ECACF1000681E7 /* Release */ = {
			isa = XCBuildConfiguration;
			buildSettings = {
				ALWAYS_SEARCH_USER_PATHS = NO;
				CLANG_ANALYZER_NONNULL = YES;
				CLANG_ANALYZER_NUMBER_OBJECT_CONVERSION = YES_AGGRESSIVE;
				CLANG_CXX_LANGUAGE_STANDARD = "gnu++20";
				CLANG_ENABLE_MODULES = YES;
				CLANG_ENABLE_OBJC_ARC = YES;
				CLANG_ENABLE_OBJC_WEAK = YES;
				CLANG_WARN_BLOCK_CAPTURE_AUTORELEASING = YES;
				CLANG_WARN_BOOL_CONVERSION = YES;
				CLANG_WARN_COMMA = YES;
				CLANG_WARN_CONSTANT_CONVERSION = YES;
				CLANG_WARN_DEPRECATED_OBJC_IMPLEMENTATIONS = YES;
				CLANG_WARN_DIRECT_OBJC_ISA_USAGE = YES_ERROR;
				CLANG_WARN_DOCUMENTATION_COMMENTS = YES;
				CLANG_WARN_EMPTY_BODY = YES;
				CLANG_WARN_ENUM_CONVERSION = YES;
				CLANG_WARN_INFINITE_RECURSION = YES;
				CLANG_WARN_INT_CONVERSION = YES;
				CLANG_WARN_NON_LITERAL_NULL_CONVERSION = YES;
				CLANG_WARN_OBJC_IMPLICIT_RETAIN_SELF = YES;
				CLANG_WARN_OBJC_LITERAL_CONVERSION = YES;
				CLANG_WARN_OBJC_ROOT_CLASS = YES_ERROR;
				CLANG_WARN_QUOTED_INCLUDE_IN_FRAMEWORK_HEADER = YES;
				CLANG_WARN_RANGE_LOOP_ANALYSIS = YES;
				CLANG_WARN_STRICT_PROTOTYPES = YES;
				CLANG_WARN_SUSPICIOUS_MOVE = YES;
				CLANG_WARN_UNGUARDED_AVAILABILITY = YES_AGGRESSIVE;
				CLANG_WARN_UNREACHABLE_CODE = YES;
				CLANG_WARN__DUPLICATE_METHOD_MATCH = YES;
				COPY_PHASE_STRIP = NO;
				DEBUG_INFORMATION_FORMAT = "dwarf-with-dsym";
				ENABLE_NS_ASSERTIONS = NO;
				ENABLE_STRICT_OBJC_MSGSEND = YES;
				GCC_C_LANGUAGE_STANDARD = gnu11;
				GCC_NO_COMMON_BLOCKS = YES;
				GCC_WARN_64_TO_32_BIT_CONVERSION = YES;
				GCC_WARN_ABOUT_RETURN_TYPE = YES_ERROR;
				GCC_WARN_UNDECLARED_SELECTOR = YES;
				GCC_WARN_UNINITIALIZED_AUTOS = YES_AGGRESSIVE;
				GCC_WARN_UNUSED_FUNCTION = YES;
				GCC_WARN_UNUSED_VARIABLE = YES;
				IPHONEOS_DEPLOYMENT_TARGET = 16.4;
				MTL_ENABLE_DEBUG_INFO = NO;
				MTL_FAST_MATH = YES;
				SDKROOT = iphoneos;
				SWIFT_COMPILATION_MODE = wholemodule;
				SWIFT_OPTIMIZATION_LEVEL = "-O";
				VALIDATE_PRODUCT = YES;
			};
			name = Release;
		};
		DA61AF7D29ECACF1000681E7 /* Debug */ = {
			isa = XCBuildConfiguration;
			buildSettings = {
				ASSETCATALOG_COMPILER_APPICON_NAME = AppIcon;
				ASSETCATALOG_COMPILER_GLOBAL_ACCENT_COLOR_NAME = AccentColor;
				CODE_SIGN_STYLE = Automatic;
				CURRENT_PROJECT_VERSION = 1;
				DEVELOPMENT_ASSET_PATHS = "\"Activity Tracker/Preview Content\"";
				DEVELOPMENT_TEAM = FAV732MUB5;
				ENABLE_PREVIEWS = YES;
				GENERATE_INFOPLIST_FILE = YES;
				INFOPLIST_KEY_UIApplicationSceneManifest_Generation = YES;
				INFOPLIST_KEY_UIApplicationSupportsIndirectInputEvents = YES;
				INFOPLIST_KEY_UILaunchScreen_Generation = YES;
				INFOPLIST_KEY_UISupportedInterfaceOrientations_iPad = "UIInterfaceOrientationPortrait UIInterfaceOrientationPortraitUpsideDown UIInterfaceOrientationLandscapeLeft UIInterfaceOrientationLandscapeRight";
				INFOPLIST_KEY_UISupportedInterfaceOrientations_iPhone = "UIInterfaceOrientationPortrait UIInterfaceOrientationLandscapeLeft UIInterfaceOrientationLandscapeRight";
				LD_RUNPATH_SEARCH_PATHS = (
					"$(inherited)",
					"@executable_path/Frameworks",
				);
				MARKETING_VERSION = 1.0;
				PRODUCT_BUNDLE_IDENTIFIER = "ilb.Activity-Tracker";
				PRODUCT_NAME = "$(TARGET_NAME)";
				SWIFT_EMIT_LOC_STRINGS = YES;
				SWIFT_VERSION = 5.0;
				TARGETED_DEVICE_FAMILY = "1,2";
			};
			name = Debug;
		};
		DA61AF7E29ECACF1000681E7 /* Release */ = {
			isa = XCBuildConfiguration;
			buildSettings = {
				ASSETCATALOG_COMPILER_APPICON_NAME = AppIcon;
				ASSETCATALOG_COMPILER_GLOBAL_ACCENT_COLOR_NAME = AccentColor;
				CODE_SIGN_STYLE = Automatic;
				CURRENT_PROJECT_VERSION = 1;
				DEVELOPMENT_ASSET_PATHS = "\"Activity Tracker/Preview Content\"";
				DEVELOPMENT_TEAM = FAV732MUB5;
				ENABLE_PREVIEWS = YES;
				GENERATE_INFOPLIST_FILE = YES;
				INFOPLIST_KEY_UIApplicationSceneManifest_Generation = YES;
				INFOPLIST_KEY_UIApplicationSupportsIndirectInputEvents = YES;
				INFOPLIST_KEY_UILaunchScreen_Generation = YES;
				INFOPLIST_KEY_UISupportedInterfaceOrientations_iPad = "UIInterfaceOrientationPortrait UIInterfaceOrientationPortraitUpsideDown UIInterfaceOrientationLandscapeLeft UIInterfaceOrientationLandscapeRight";
				INFOPLIST_KEY_UISupportedInterfaceOrientations_iPhone = "UIInterfaceOrientationPortrait UIInterfaceOrientationLandscapeLeft UIInterfaceOrientationLandscapeRight";
				LD_RUNPATH_SEARCH_PATHS = (
					"$(inherited)",
					"@executable_path/Frameworks",
				);
				MARKETING_VERSION = 1.0;
				PRODUCT_BUNDLE_IDENTIFIER = "ilb.Activity-Tracker";
				PRODUCT_NAME = "$(TARGET_NAME)";
				SWIFT_EMIT_LOC_STRINGS = YES;
				SWIFT_VERSION = 5.0;
				TARGETED_DEVICE_FAMILY = "1,2";
			};
			name = Release;
		};
/* End XCBuildConfiguration section */

/* Begin XCConfigurationList section */
		DA61AF6929ECACF0000681E7 /* Build configuration list for PBXProject "Activity Tracker" */ = {
			isa = XCConfigurationList;
			buildConfigurations = (
				DA61AF7A29ECACF1000681E7 /* Debug */,
				DA61AF7B29ECACF1000681E7 /* Release */,
			);
			defaultConfigurationIsVisible = 0;
			defaultConfigurationName = Release;
		};
		DA61AF7C29ECACF1000681E7 /* Build configuration list for PBXNativeTarget "Activity Tracker" */ = {
			isa = XCConfigurationList;
			buildConfigurations = (
				DA61AF7D29ECACF1000681E7 /* Debug */,
				DA61AF7E29ECACF1000681E7 /* Release */,
			);
			defaultConfigurationIsVisible = 0;
			defaultConfigurationName = Release;
		};
/* End XCConfigurationList section */
	};
	rootObject = DA61AF6629ECACF0000681E7 /* Project object */;
}
